
Microsoft Visual Studio Solution File, Format Version 12.00
# Visual Studio 2013
VisualStudioVersion = 12.0.21005.1
MinimumVisualStudioVersion = 10.0.40219.1
Project("{FAE04EC0-301F-11D3-BF4B-00C04F79EFBC}") = "IntroToAI", "IntroToAI\IntroToAI.csproj", "{C2FA54B0-9E12-4596-A1B6-3F1A0E97787B}"
EndProject
Global
	GlobalSection(SolutionConfigurationPlatforms) = preSolution
		Debug|Any CPU = Debug|Any CPU
		Release|Any CPU = Release|Any CPU
	EndGlobalSection
	GlobalSection(ProjectConfigurationPlatforms) = postSolution
		{C2FA54B0-9E12-4596-A1B6-3F1A0E97787B}.Debug|Any CPU.ActiveCfg = Debug|Any CPU
		{C2FA54B0-9E12-4596-A1B6-3F1A0E97787B}.Debug|Any CPU.Build.0 = Debug|Any CPU
		{C2FA54B0-9E12-4596-A1B6-3F1A0E97787B}.Release|Any CPU.ActiveCfg = Release|Any CPU
		{C2FA54B0-9E12-4596-A1B6-3F1A0E97787B}.Release|Any CPU.Build.0 = Release|Any CPU
	EndGlobalSection
	GlobalSection(SolutionProperties) = preSolution
		HideSolutionNode = FALSE
	EndGlobalSection
EndGlobal
